// !$*UTF8*$!
{
	archiveVersion = 1;
	classes = {
	};
	objectVersion = 46;
	objects = {

/* Begin PBXBuildFile section */
		FBAE000C1E6648EC00F43539 /* AppDelegate.swift in Sources */ = {isa = PBXBuildFile; fileRef = FBAE000B1E6648EC00F43539 /* AppDelegate.swift */; };
		FBAE000E1E6648EC00F43539 /* ViewController.swift in Sources */ = {isa = PBXBuildFile; fileRef = FBAE000D1E6648EC00F43539 /* ViewController.swift */; };
		FBAE00111E6648ED00F43539 /* Main.storyboard in Resources */ = {isa = PBXBuildFile; fileRef = FBAE000F1E6648ED00F43539 /* Main.storyboard */; };
		FBAE00131E6648ED00F43539 /* Assets.xcassets in Resources */ = {isa = PBXBuildFile; fileRef = FBAE00121E6648ED00F43539 /* Assets.xcassets */; };
		FBAE00161E6648ED00F43539 /* LaunchScreen.storyboard in Resources */ = {isa = PBXBuildFile; fileRef = FBAE00141E6648ED00F43539 /* LaunchScreen.storyboard */; };
/* End PBXBuildFile section */

/* Begin PBXFileReference section */
		FBAE00081E6648EC00F43539 /* CollectionView in iOS.app */ = {isa = PBXFileReference; explicitFileType = wrapper.application; includeInIndex = 0; path = "CollectionView in iOS.app"; sourceTree = BUILT_PRODUCTS_DIR; };
		FBAE000B1E6648EC00F43539 /* AppDelegate.swift */ = {isa = PBXFileReference; lastKnownFileType = sourcecode.swift; path = AppDelegate.swift; sourceTree = "<group>"; };
		FBAE000D1E6648EC00F43539 /* ViewController.swift */ = {isa = PBXFileReference; lastKnownFileType = sourcecode.swift; path = ViewController.swift; sourceTree = "<group>"; };
		FBAE00101E6648ED00F43539 /* Base */ = {isa = PBXFileReference; lastKnownFileType = file.storyboard; name = Base; path = Base.lproj/Main.storyboard; sourceTree = "<group>"; };
		FBAE00121E6648ED00F43539 /* Assets.xcassets */ = {isa = PBXFileReference; lastKnownFileType = folder.assetcatalog; path = Assets.xcassets; sourceTree = "<group>"; };
		FBAE00151E6648ED00F43539 /* Base */ = {isa = PBXFileReference; lastKnownFileType = file.storyboard; name = Base; path = Base.lproj/LaunchScreen.storyboard; sourceTree = "<group>"; };
		FBAE00171E6648ED00F43539 /* Info.plist */ = {isa = PBXFileReference; lastKnownFileType = text.plist.xml; path = Info.plist; sourceTree = "<group>"; };
/* End PBXFileReference section */

/* Begin PBXFrameworksBuildPhase section */
		FBAE00051E6648EC00F43539 /* Frameworks */ = {
			isa = PBXFrameworksBuildPhase;
			buildActionMask = 2147483647;
			files = (
			);
			runOnlyForDeploymentPostprocessing = 0;
		};
/* End PBXFrameworksBuildPhase section */

/* Begin PBXGroup section */
		FBAE00091E6648EC00F43539 /* Products */ = {
			isa = PBXGroup;
			children = (
				FBAE00081E6648EC00F43539 /* CollectionView in iOS.app */,
			);
			name = Products;
			sourceTree = "<group>";
		};
		FBAE000A1E6648EC00F43539 /* CollectionView in iOS */ = {
			isa = PBXGroup;
			children = (
				FBAE000B1E6648EC00F43539 /* AppDelegate.swift */,
				FBAE000D1E6648EC00F43539 /* ViewController.swift */,
				FBAE000F1E6648ED00F43539 /* Main.storyboard */,
				FBAE00121E6648ED00F43539 /* Assets.xcassets */,
				FBAE00141E6648ED00F43539 /* LaunchScreen.storyboard */,
				FBAE00171E6648ED00F43539 /* Info.plist */,
			);
			path = "CollectionView in iOS";
			sourceTree = "<group>";
		};
		FBAEFFFF1E6648EC00F43539 = {
			isa = PBXGroup;
			children = (
				FBAE000A1E6648EC00F43539 /* CollectionView in iOS */,
				FBAE00091E6648EC00F43539 /* Products */,
			);
			sourceTree = "<group>";
		};
/* End PBXGroup section */

/* Begin PBXNativeTarget section */
		FBAE00071E6648EC00F43539 /* CollectionView in iOS */ = {
			isa = PBXNativeTarget;
			buildConfigurationList = FBAE001A1E6648ED00F43539 /* Build configuration list for PBXNativeTarget "CollectionView in iOS" */;
			buildPhases = (
				FBAE00041E6648EC00F43539 /* Sources */,
				FBAE00051E6648EC00F43539 /* Frameworks */,
				FBAE00061E6648EC00F43539 /* Resources */,
			);
			buildRules = (
			);
			dependencies = (
			);
			name = "CollectionView in iOS";
			productName = "CollectionView in iOS";
			productReference = FBAE00081E6648EC00F43539 /* CollectionView in iOS.app */;
			productType = "com.apple.product-type.application";
		};
/* End PBXNativeTarget section */

/* Begin PBXProject section */
		FBAE00001E6648EC00F43539 /* Project object */ = {
			isa = PBXProject;
			attributes = {
				LastSwiftUpdateCheck = 0800;
				LastUpgradeCheck = 0800;
				ORGANIZATIONNAME = "Jorge Luis Limo";
				TargetAttributes = {
					FBAE00071E6648EC00F43539 = {
						CreatedOnToolsVersion = 8.0;
						ProvisioningStyle = Automatic;
					};
				};
			};
			buildConfigurationList = FBAE00031E6648EC00F43539 /* Build configuration list for PBXProject "CollectionView in iOS" */;
			compatibilityVersion = "Xcode 3.2";
			developmentRegion = English;
			hasScannedForEncodings = 0;
			knownRegions = (
				en,
				Base,
			);
			mainGroup = FBAEFFFF1E6648EC00F43539;
			productRefGroup = FBAE00091E6648EC00F43539 /* Products */;
			projectDirPath = "";
			projectRoot = "";
			targets = (
				FBAE00071E6648EC00F43539 /* CollectionView in iOS */,
			);
		};
/* End PBXProject section */

/* Begin PBXResourcesBuildPhase section */
		FBAE00061E6648EC00F43539 /* Resources */ = {
			isa = PBXResourcesBuildPhase;
			buildActionMask = 2147483647;
			files = (
				FBAE00161E6648ED00F43539 /* LaunchScreen.storyboard in Resources */,
				FBAE00131E6648ED00F43539 /* Assets.xcassets in Resources */,
				FBAE00111E6648ED00F43539 /* Main.storyboard in Resources */,
			);
			runOnlyForDeploymentPostprocessing = 0;
		};
/* End PBXResourcesBuildPhase section */

/* Begin PBXSourcesBuildPhase section */
		FBAE00041E6648EC00F43539 /* Sources */ = {
			isa = PBXSourcesBuildPhase;
			buildActionMask = 2147483647;
			files = (
				FBAE000E1E6648EC00F43539 /* ViewController.swift in Sources */,
				FBAE000C1E6648EC00F43539 /* AppDelegate.swift in Sources */,
			);
			runOnlyForDeploymentPostprocessing = 0;
		};
/* End PBXSourcesBuildPhase section */

/* Begin PBXVariantGroup section */
		FBAE000F1E6648ED00F43539 /* Main.storyboard */ = {
			isa = PBXVariantGroup;
			children = (
				FBAE00101E6648ED00F43539 /* Base */,
			);
			name = Main.storyboard;
			sourceTree = "<group>";
		};
		FBAE00141E6648ED00F43539 /* LaunchScreen.storyboard */ = {
			isa = PBXVariantGroup;
			children = (
				FBAE00151E6648ED00F43539 /* Base */,
			);
			name = LaunchScreen.storyboard;
			sourceTree = "<group>";
		};
/* End PBXVariantGroup section */

/* Begin XCBuildConfiguration section */
		FBAE00181E6648ED00F43539 /* Debug */ = {
			isa = XCBuildConfiguration;
			buildSettings = {
				ALWAYS_SEARCH_USER_PATHS = NO;
				CLANG_ANALYZER_NONNULL = YES;
				CLANG_CXX_LANGUAGE_STANDARD = "gnu++0x";
				CLANG_CXX_LIBRARY = "libc++";
				CLANG_ENABLE_MODULES = YES;
				CLANG_ENABLE_OBJC_ARC = YES;
				CLANG_WARN_BOOL_CONVERSION = YES;
				CLANG_WARN_CONSTANT_CONVERSION = YES;
				CLANG_WARN_DIRECT_OBJC_ISA_USAGE = YES_ERROR;
				CLANG_WARN_DOCUMENTATION_COMMENTS = YES;
				CLANG_WARN_EMPTY_BODY = YES;
				CLANG_WARN_ENUM_CONVERSION = YES;
				CLANG_WARN_INFINITE_RECURSION = YES;
				CLANG_WARN_INT_CONVERSION = YES;
				CLANG_WARN_OBJC_ROOT_CLASS = YES_ERROR;
				CLANG_WARN_SUSPICIOUS_MOVES = YES;
				CLANG_WARN_UNREACHABLE_CODE = YES;
				CLANG_WARN__DUPLICATE_METHOD_MATCH = YES;
				"CODE_SIGN_IDENTITY[sdk=iphoneos*]" = "iPhone Developer";
				COPY_PHASE_STRIP = NO;
				DEBUG_INFORMATION_FORMAT = dwarf;
				ENABLE_STRICT_OBJC_MSGSEND = YES;
				ENABLE_TESTABILITY = YES;
				GCC_C_LANGUAGE_STANDARD = gnu99;
				GCC_DYNAMIC_NO_PIC = NO;
				GCC_NO_COMMON_BLOCKS = YES;
				GCC_OPTIMIZATION_LEVEL = 0;
				GCC_PREPROCESSOR_DEFINITIONS = (
					"DEBUG=1",
					"$(inherited)",
				);
				GCC_WARN_64_TO_32_BIT_CONVERSION = YES;
				GCC_WARN_ABOUT_RETURN_TYPE = YES_ERROR;
				GCC_WARN_UNDECLARED_SELECTOR = YES;
				GCC_WARN_UNINITIALIZED_AUTOS = YES_AGGRESSIVE;
				GCC_WARN_UNUSED_FUNCTION = YES;
				GCC_WARN_UNUSED_VARIABLE = YES;
				IPHONEOS_DEPLOYMENT_TARGET = 10.0;
				MTL_ENABLE_DEBUG_INFO = YES;
				ONLY_ACTIVE_ARCH = YES;
				SDKROOT = iphoneos;
				SWIFT_ACTIVE_COMPILATION_CONDITIONS = DEBUG;
				SWIFT_OPTIMIZATION_LEVEL = "-Onone";
				TARGETED_DEVICE_FAMILY = "1,2";
			};
			name = Debug;
		};
		FBAE00191E6648ED00F43539 /* Release */ = {
			isa = XCBuildConfiguration;
			buildSettings = {
				ALWAYS_SEARCH_USER_PATHS = NO;
				CLANG_ANALYZER_NONNULL = YES;
				CLANG_CXX_LANGUAGE_STANDARD = "gnu++0x";
				CLANG_CXX_LIBRARY = "libc++";
				CLANG_ENABLE_MODULES = YES;
				CLANG_ENABLE_OBJC_ARC = YES;
				CLANG_WARN_BOOL_CONVERSION = YES;
				CLANG_WARN_CONSTANT_CONVERSION = YES;
				CLANG_WARN_DIRECT_OBJC_ISA_USAGE = YES_ERROR;
				CLANG_WARN_DOCUMENTATION_COMMENTS = YES;
				CLANG_WARN_EMPTY_BODY = YES;
				CLANG_WARN_ENUM_CONVERSION = YES;
				CLANG_WARN_INFINITE_RECURSION = YES;
				CLANG_WARN_INT_CONVERSION = YES;
				CLANG_WARN_OBJC_ROOT_CLASS = YES_ERROR;
				CLANG_WARN_SUSPICIOUS_MOVES = YES;
				CLANG_WARN_UNREACHABLE_CODE = YES;
				CLANG_WARN__DUPLICATE_METHOD_MATCH = YES;
				"CODE_SIGN_IDENTITY[sdk=iphoneos*]" = "iPhone Developer";
				COPY_PHASE_STRIP = NO;
				DEBUG_INFORMATION_FORMAT = "dwarf-with-dsym";
				ENABLE_NS_ASSERTIONS = NO;
				ENABLE_STRICT_OBJC_MSGSEND = YES;
				GCC_C_LANGUAGE_STANDARD = gnu99;
				GCC_NO_COMMON_BLOCKS = YES;
				GCC_WARN_64_TO_32_BIT_CONVERSION = YES;
				GCC_WARN_ABOUT_RETURN_TYPE = YES_ERROR;
				GCC_WARN_UNDECLARED_SELECTOR = YES;
				GCC_WARN_UNINITIALIZED_AUTOS = YES_AGGRESSIVE;
				GCC_WARN_UNUSED_FUNCTION = YES;
				GCC_WARN_UNUSED_VARIABLE = YES;
				IPHONEOS_DEPLOYMENT_TARGET = 10.0;
				MTL_ENABLE_DEBUG_INFO = NO;
				SDKROOT = iphoneos;
				SWIFT_OPTIMIZATION_LEVEL = "-Owholemodule";
				TARGETED_DEVICE_FAMILY = "1,2";
				VALIDATE_PRODUCT = YES;
			};
			name = Release;
		};
		FBAE001B1E6648ED00F43539 /* Debug */ = {
			isa = XCBuildConfiguration;
			buildSettings = {
				ASSETCATALOG_COMPILER_APPICON_NAME = AppIcon;
				INFOPLIST_FILE = "CollectionView in iOS/Info.plist";
				LD_RUNPATH_SEARCH_PATHS = "$(inherited) @executable_path/Frameworks";
				PRODUCT_BUNDLE_IDENTIFIER = "pe.ourlimm.CollectionView-in-iOS";
				PRODUCT_NAME = "$(TARGET_NAME)";
				SWIFT_VERSION = 3.0;
			};
			name = Debug;
		};
		FBAE001C1E6648ED00F43539 /* Release */ = {
			isa = XCBuildConfiguration;
			buildSettings = {
				ASSETCATALOG_COMPILER_APPICON_NAME = AppIcon;
				INFOPLIST_FILE = "CollectionView in iOS/Info.plist";
				LD_RUNPATH_SEARCH_PATHS = "$(inherited) @executable_path/Frameworks";
				PRODUCT_BUNDLE_IDENTIFIER = "pe.ourlimm.CollectionView-in-iOS";
				PRODUCT_NAME = "$(TARGET_NAME)";
				SWIFT_VERSION = 3.0;
			};
			name = Release;
		};
/* End XCBuildConfiguration section */

/* Begin XCConfigurationList section */
		FBAE00031E6648EC00F43539 /* Build configuration list for PBXProject "CollectionView in iOS" */ = {
			isa = XCConfigurationList;
			buildConfigurations = (
				FBAE00181E6648ED00F43539 /* Debug */,
				FBAE00191E6648ED00F43539 /* Release */,
			);
			defaultConfigurationIsVisible = 0;
			defaultConfigurationName = Release;
		};
		FBAE001A1E6648ED00F43539 /* Build configuration list for PBXNativeTarget "CollectionView in iOS" */ = {
			isa = XCConfigurationList;
			buildConfigurations = (
				FBAE001B1E6648ED00F43539 /* Debug */,
				FBAE001C1E6648ED00F43539 /* Release */,
			);
			defaultConfigurationIsVisible = 0;
		};
/* End XCConfigurationList section */
	};
	rootObject = FBAE00001E6648EC00F43539 /* Project object */;
}
